
Microsoft Visual Studio Solution File, Format Version 12.00
# Visual Studio Version 17
VisualStudioVersion = 17.4.33213.308
MinimumVisualStudioVersion = 10.0.40219.1
Project("{9A19103F-16F7-4668-BE54-9A1E7A4F7556}") = "Reverse Strings", "Reverse Strings\Reverse Strings.csproj", "{93BA9085-1A63-4C41-8AA5-E2473D7430BB}"
EndProject
Project("{FAE04EC0-301F-11D3-BF4B-00C04F79EFBC}") = "Repeat Strings", "Repeat Strings\Repeat Strings.csproj", "{A278F350-43FA-4107-AA9D-5F965C5C00BC}"
EndProject
Project("{FAE04EC0-301F-11D3-BF4B-00C04F79EFBC}") = "Substring", "Substring\Substring.csproj", "{3259251D-1C9B-40ED-9745-A0540C0FDF20}"
EndProject
Global
	GlobalSection(SolutionConfigurationPlatforms) = preSolution
		Debug|Any CPU = Debug|Any CPU
		Release|Any CPU = Release|Any CPU
	EndGlobalSection
	GlobalSection(ProjectConfigurationPlatforms) = postSolution
		{93BA9085-1A63-4C41-8AA5-E2473D7430BB}.Debug|Any CPU.ActiveCfg = Debug|Any CPU
		{93BA9085-1A63-4C41-8AA5-E2473D7430BB}.Debug|Any CPU.Build.0 = Debug|Any CPU
		{93BA9085-1A63-4C41-8AA5-E2473D7430BB}.Release|Any CPU.ActiveCfg = Release|Any CPU
		{93BA9085-1A63-4C41-8AA5-E2473D7430BB}.Release|Any CPU.Build.0 = Release|Any CPU
		{A278F350-43FA-4107-AA9D-5F965C5C00BC}.Debug|Any CPU.ActiveCfg = Debug|Any CPU
		{A278F350-43FA-4107-AA9D-5F965C5C00BC}.Debug|Any CPU.Build.0 = Debug|Any CPU
		{A278F350-43FA-4107-AA9D-5F965C5C00BC}.Release|Any CPU.ActiveCfg = Release|Any CPU
		{A278F350-43FA-4107-AA9D-5F965C5C00BC}.Release|Any CPU.Build.0 = Release|Any CPU
		{3259251D-1C9B-40ED-9745-A0540C0FDF20}.Debug|Any CPU.ActiveCfg = Debug|Any CPU
		{3259251D-1C9B-40ED-9745-A0540C0FDF20}.Debug|Any CPU.Build.0 = Debug|Any CPU
		{3259251D-1C9B-40ED-9745-A0540C0FDF20}.Release|Any CPU.ActiveCfg = Release|Any CPU
		{3259251D-1C9B-40ED-9745-A0540C0FDF20}.Release|Any CPU.Build.0 = Release|Any CPU
	EndGlobalSection
	GlobalSection(SolutionProperties) = preSolution
		HideSolutionNode = FALSE
	EndGlobalSection
	GlobalSection(ExtensibilityGlobals) = postSolution
		SolutionGuid = {8148D229-7E0C-40B6-ADB3-2AA17083B80F}
	EndGlobalSection
EndGlobal
